
Microsoft Visual Studio Solution File, Format Version 12.00
# Visual Studio Version 17
VisualStudioVersion = 17.3.32901.215
MinimumVisualStudioVersion = 10.0.40219.1
Project("{8BC9CEB8-8B4A-11D0-8D11-00A0C91BC942}") = "프로그래밍패턴기말고사", "프로그래밍패턴기말고사\프로그래밍패턴기말고사.vcxproj", "{A474917F-5685-4D05-9B8C-D1E7E3970FA5}"
EndProject
Global
	GlobalSection(SolutionConfigurationPlatforms) = preSolution
		Debug|x64 = Debug|x64
		Debug|x86 = Debug|x86
		Release|x64 = Release|x64
		Release|x86 = Release|x86
	EndGlobalSection
	GlobalSection(ProjectConfigurationPlatforms) = postSolution
		{A474917F-5685-4D05-9B8C-D1E7E3970FA5}.Debug|x64.ActiveCfg = Debug|x64
		{A474917F-5685-4D05-9B8C-D1E7E3970FA5}.Debug|x64.Build.0 = Debug|x64
		{A474917F-5685-4D05-9B8C-D1E7E3970FA5}.Debug|x86.ActiveCfg = Debug|Win32
		{A474917F-5685-4D05-9B8C-D1E7E3970FA5}.Debug|x86.Build.0 = Debug|Win32
		{A474917F-5685-4D05-9B8C-D1E7E3970FA5}.Release|x64.ActiveCfg = Release|x64
		{A474917F-5685-4D05-9B8C-D1E7E3970FA5}.Release|x64.Build.0 = Release|x64
		{A474917F-5685-4D05-9B8C-D1E7E3970FA5}.Release|x86.ActiveCfg = Release|Win32
		{A474917F-5685-4D05-9B8C-D1E7E3970FA5}.Release|x86.Build.0 = Release|Win32
	EndGlobalSection
	GlobalSection(SolutionProperties) = preSolution
		HideSolutionNode = FALSE
	EndGlobalSection
	GlobalSection(ExtensibilityGlobals) = postSolution
		SolutionGuid = {FD5643C5-C810-4EA0-969A-5405C8BBC301}
	EndGlobalSection
EndGlobal
